
Microsoft Visual Studio Solution File, Format Version 12.00
# Visual Studio 15
VisualStudioVersion = 15.0.27703.2042
MinimumVisualStudioVersion = 10.0.40219.1
Project("{FAE04EC0-301F-11D3-BF4B-00C04F79EFBC}") = "FlashcardAPI", "FlashcardAPI\FlashcardAPI.csproj", "{0C2B8AB2-55F1-407E-B911-33739F2D487C}"
EndProject
Project("{FAE04EC0-301F-11D3-BF4B-00C04F79EFBC}") = "Flashcard.Data", "Flashcard.Data\Flashcard.Data.csproj", "{3B65D126-0FD1-4C42-8E7D-8C9BAD12A936}"
EndProject
Project("{FAE04EC0-301F-11D3-BF4B-00C04F79EFBC}") = "Flashcard.Service", "Flashcard.Service\Flashcard.Service.csproj", "{7918D3C6-0A2A-47CA-BF91-A97DDC440283}"
EndProject
Project("{FAE04EC0-301F-11D3-BF4B-00C04F79EFBC}") = "Flashcard.Model", "Flashcard.Model\Flashcard.Model.csproj", "{65CF7362-7B7C-4DAC-8AA4-F254F3A7FB8E}"
EndProject
Global
	GlobalSection(SolutionConfigurationPlatforms) = preSolution
		Debug|Any CPU = Debug|Any CPU
		Release|Any CPU = Release|Any CPU
	EndGlobalSection
	GlobalSection(ProjectConfigurationPlatforms) = postSolution
		{0C2B8AB2-55F1-407E-B911-33739F2D487C}.Debug|Any CPU.ActiveCfg = Debug|Any CPU
		{0C2B8AB2-55F1-407E-B911-33739F2D487C}.Debug|Any CPU.Build.0 = Debug|Any CPU
		{0C2B8AB2-55F1-407E-B911-33739F2D487C}.Release|Any CPU.ActiveCfg = Release|Any CPU
		{0C2B8AB2-55F1-407E-B911-33739F2D487C}.Release|Any CPU.Build.0 = Release|Any CPU
		{3B65D126-0FD1-4C42-8E7D-8C9BAD12A936}.Debug|Any CPU.ActiveCfg = Debug|Any CPU
		{3B65D126-0FD1-4C42-8E7D-8C9BAD12A936}.Debug|Any CPU.Build.0 = Debug|Any CPU
		{3B65D126-0FD1-4C42-8E7D-8C9BAD12A936}.Release|Any CPU.ActiveCfg = Release|Any CPU
		{3B65D126-0FD1-4C42-8E7D-8C9BAD12A936}.Release|Any CPU.Build.0 = Release|Any CPU
		{7918D3C6-0A2A-47CA-BF91-A97DDC440283}.Debug|Any CPU.ActiveCfg = Debug|Any CPU
		{7918D3C6-0A2A-47CA-BF91-A97DDC440283}.Debug|Any CPU.Build.0 = Debug|Any CPU
		{7918D3C6-0A2A-47CA-BF91-A97DDC440283}.Release|Any CPU.ActiveCfg = Release|Any CPU
		{7918D3C6-0A2A-47CA-BF91-A97DDC440283}.Release|Any CPU.Build.0 = Release|Any CPU
		{65CF7362-7B7C-4DAC-8AA4-F254F3A7FB8E}.Debug|Any CPU.ActiveCfg = Debug|Any CPU
		{65CF7362-7B7C-4DAC-8AA4-F254F3A7FB8E}.Debug|Any CPU.Build.0 = Debug|Any CPU
		{65CF7362-7B7C-4DAC-8AA4-F254F3A7FB8E}.Release|Any CPU.ActiveCfg = Release|Any CPU
		{65CF7362-7B7C-4DAC-8AA4-F254F3A7FB8E}.Release|Any CPU.Build.0 = Release|Any CPU
	EndGlobalSection
	GlobalSection(SolutionProperties) = preSolution
		HideSolutionNode = FALSE
	EndGlobalSection
	GlobalSection(ExtensibilityGlobals) = postSolution
		SolutionGuid = {17F26B2D-1007-4C28-A141-5B2A34216BED}
	EndGlobalSection
EndGlobal
